// !$*UTF8*$!
{
	archiveVersion = 1;
	classes = {
	};
	objectVersion = 50;
	objects = {

/* Begin PBXBuildFile section */
		7887CBCE21D4A66C00318C1C /* ValidationResult.swift in Sources */ = {isa = PBXBuildFile; fileRef = 7887CBCD21D4A66C00318C1C /* ValidationResult.swift */; };
		7887CBD021D4A6C900318C1C /* Ivalidation.swift in Sources */ = {isa = PBXBuildFile; fileRef = 7887CBCF21D4A6C900318C1C /* Ivalidation.swift */; };
		7887CBD221D4A7F900318C1C /* LoginValidator.swift in Sources */ = {isa = PBXBuildFile; fileRef = 7887CBD121D4A7F900318C1C /* LoginValidator.swift */; };
		7887CBD621D4AA9900318C1C /* LoginRequest.swift in Sources */ = {isa = PBXBuildFile; fileRef = 7887CBD521D4AA9900318C1C /* LoginRequest.swift */; };
		7887CBD821D4AD5400318C1C /* LoginManager.swift in Sources */ = {isa = PBXBuildFile; fileRef = 7887CBD721D4AD5400318C1C /* LoginManager.swift */; };
		78E413D321D4A4DE0014A7FD /* AppDelegate.swift in Sources */ = {isa = PBXBuildFile; fileRef = 78E413D221D4A4DE0014A7FD /* AppDelegate.swift */; };
		78E413D521D4A4DE0014A7FD /* ViewController.swift in Sources */ = {isa = PBXBuildFile; fileRef = 78E413D421D4A4DE0014A7FD /* ViewController.swift */; };
		78E413D821D4A4DE0014A7FD /* Main.storyboard in Resources */ = {isa = PBXBuildFile; fileRef = 78E413D621D4A4DE0014A7FD /* Main.storyboard */; };
		78E413DA21D4A4E00014A7FD /* Assets.xcassets in Resources */ = {isa = PBXBuildFile; fileRef = 78E413D921D4A4E00014A7FD /* Assets.xcassets */; };
		78E413DD21D4A4E00014A7FD /* LaunchScreen.storyboard in Resources */ = {isa = PBXBuildFile; fileRef = 78E413DB21D4A4E00014A7FD /* LaunchScreen.storyboard */; };
/* End PBXBuildFile section */

/* Begin PBXFileReference section */
		7887CBCD21D4A66C00318C1C /* ValidationResult.swift */ = {isa = PBXFileReference; lastKnownFileType = sourcecode.swift; path = ValidationResult.swift; sourceTree = "<group>"; };
		7887CBCF21D4A6C900318C1C /* Ivalidation.swift */ = {isa = PBXFileReference; lastKnownFileType = sourcecode.swift; path = Ivalidation.swift; sourceTree = "<group>"; };
		7887CBD121D4A7F900318C1C /* LoginValidator.swift */ = {isa = PBXFileReference; lastKnownFileType = sourcecode.swift; path = LoginValidator.swift; sourceTree = "<group>"; };
		7887CBD521D4AA9900318C1C /* LoginRequest.swift */ = {isa = PBXFileReference; lastKnownFileType = sourcecode.swift; path = LoginRequest.swift; sourceTree = "<group>"; };
		7887CBD721D4AD5400318C1C /* LoginManager.swift */ = {isa = PBXFileReference; lastKnownFileType = sourcecode.swift; path = LoginManager.swift; sourceTree = "<group>"; };
		78E413CF21D4A4DE0014A7FD /* MessagingApp.app */ = {isa = PBXFileReference; explicitFileType = wrapper.application; includeInIndex = 0; path = MessagingApp.app; sourceTree = BUILT_PRODUCTS_DIR; };
		78E413D221D4A4DE0014A7FD /* AppDelegate.swift */ = {isa = PBXFileReference; lastKnownFileType = sourcecode.swift; path = AppDelegate.swift; sourceTree = "<group>"; };
		78E413D421D4A4DE0014A7FD /* ViewController.swift */ = {isa = PBXFileReference; lastKnownFileType = sourcecode.swift; path = ViewController.swift; sourceTree = "<group>"; };
		78E413D721D4A4DE0014A7FD /* Base */ = {isa = PBXFileReference; lastKnownFileType = file.storyboard; name = Base; path = Base.lproj/Main.storyboard; sourceTree = "<group>"; };
		78E413D921D4A4E00014A7FD /* Assets.xcassets */ = {isa = PBXFileReference; lastKnownFileType = folder.assetcatalog; path = Assets.xcassets; sourceTree = "<group>"; };
		78E413DC21D4A4E00014A7FD /* Base */ = {isa = PBXFileReference; lastKnownFileType = file.storyboard; name = Base; path = Base.lproj/LaunchScreen.storyboard; sourceTree = "<group>"; };
		78E413DE21D4A4E00014A7FD /* Info.plist */ = {isa = PBXFileReference; lastKnownFileType = text.plist.xml; path = Info.plist; sourceTree = "<group>"; };
/* End PBXFileReference section */

/* Begin PBXFrameworksBuildPhase section */
		78E413CC21D4A4DE0014A7FD /* Frameworks */ = {
			isa = PBXFrameworksBuildPhase;
			buildActionMask = 2147483647;
			files = (
			);
			runOnlyForDeploymentPostprocessing = 0;
		};
/* End PBXFrameworksBuildPhase section */

/* Begin PBXGroup section */
		7887CBC821D4A5E900318C1C /* Engine */ = {
			isa = PBXGroup;
			children = (
				7887CBCC21D4A63700318C1C /* Validation */,
			);
			path = Engine;
			sourceTree = "<group>";
		};
		7887CBC921D4A5F800318C1C /* Contracts */ = {
			isa = PBXGroup;
			children = (
				7887CBD421D4AA6F00318C1C /* ResponseContract */,
				7887CBD321D4AA6000318C1C /* RequestContract */,
			);
			path = Contracts;
			sourceTree = "<group>";
		};
		7887CBCA21D4A60100318C1C /* Accessor */ = {
			isa = PBXGroup;
			children = (
			);
			path = Accessor;
			sourceTree = "<group>";
		};
		7887CBCB21D4A60800318C1C /* Manager */ = {
			isa = PBXGroup;
			children = (
				7887CBD721D4AD5400318C1C /* LoginManager.swift */,
			);
			path = Manager;
			sourceTree = "<group>";
		};
		7887CBCC21D4A63700318C1C /* Validation */ = {
			isa = PBXGroup;
			children = (
				7887CBCD21D4A66C00318C1C /* ValidationResult.swift */,
				7887CBCF21D4A6C900318C1C /* Ivalidation.swift */,
				7887CBD121D4A7F900318C1C /* LoginValidator.swift */,
			);
			path = Validation;
			sourceTree = "<group>";
		};
		7887CBD321D4AA6000318C1C /* RequestContract */ = {
			isa = PBXGroup;
			children = (
				7887CBD521D4AA9900318C1C /* LoginRequest.swift */,
			);
			path = RequestContract;
			sourceTree = "<group>";
		};
		7887CBD421D4AA6F00318C1C /* ResponseContract */ = {
			isa = PBXGroup;
			children = (
			);
			path = ResponseContract;
			sourceTree = "<group>";
		};
		78E413C621D4A4DE0014A7FD = {
			isa = PBXGroup;
			children = (
				78E413D121D4A4DE0014A7FD /* MessagingApp */,
				78E413D021D4A4DE0014A7FD /* Products */,
			);
			sourceTree = "<group>";
		};
		78E413D021D4A4DE0014A7FD /* Products */ = {
			isa = PBXGroup;
			children = (
				78E413CF21D4A4DE0014A7FD /* MessagingApp.app */,
			);
			name = Products;
			sourceTree = "<group>";
		};
		78E413D121D4A4DE0014A7FD /* MessagingApp */ = {
			isa = PBXGroup;
			children = (
				7887CBC821D4A5E900318C1C /* Engine */,
				7887CBC921D4A5F800318C1C /* Contracts */,
				7887CBCA21D4A60100318C1C /* Accessor */,
				7887CBCB21D4A60800318C1C /* Manager */,
				78E413D221D4A4DE0014A7FD /* AppDelegate.swift */,
				78E413D421D4A4DE0014A7FD /* ViewController.swift */,
				78E413D621D4A4DE0014A7FD /* Main.storyboard */,
				78E413D921D4A4E00014A7FD /* Assets.xcassets */,
				78E413DB21D4A4E00014A7FD /* LaunchScreen.storyboard */,
				78E413DE21D4A4E00014A7FD /* Info.plist */,
			);
			path = MessagingApp;
			sourceTree = "<group>";
		};
/* End PBXGroup section */

/* Begin PBXNativeTarget section */
		78E413CE21D4A4DE0014A7FD /* MessagingApp */ = {
			isa = PBXNativeTarget;
			buildConfigurationList = 78E413E121D4A4E00014A7FD /* Build configuration list for PBXNativeTarget "MessagingApp" */;
			buildPhases = (
				78E413CB21D4A4DE0014A7FD /* Sources */,
				78E413CC21D4A4DE0014A7FD /* Frameworks */,
				78E413CD21D4A4DE0014A7FD /* Resources */,
			);
			buildRules = (
			);
			dependencies = (
			);
			name = MessagingApp;
			productName = MessagingApp;
			productReference = 78E413CF21D4A4DE0014A7FD /* MessagingApp.app */;
			productType = "com.apple.product-type.application";
		};
/* End PBXNativeTarget section */

/* Begin PBXProject section */
		78E413C721D4A4DE0014A7FD /* Project object */ = {
			isa = PBXProject;
			attributes = {
				LastSwiftUpdateCheck = 1010;
				LastUpgradeCheck = 1010;
				ORGANIZATIONNAME = Tushar;
				TargetAttributes = {
					78E413CE21D4A4DE0014A7FD = {
						CreatedOnToolsVersion = 10.1;
					};
				};
			};
			buildConfigurationList = 78E413CA21D4A4DE0014A7FD /* Build configuration list for PBXProject "MessagingApp" */;
			compatibilityVersion = "Xcode 9.3";
			developmentRegion = en;
			hasScannedForEncodings = 0;
			knownRegions = (
				en,
				Base,
			);
			mainGroup = 78E413C621D4A4DE0014A7FD;
			productRefGroup = 78E413D021D4A4DE0014A7FD /* Products */;
			projectDirPath = "";
			projectRoot = "";
			targets = (
				78E413CE21D4A4DE0014A7FD /* MessagingApp */,
			);
		};
/* End PBXProject section */

/* Begin PBXResourcesBuildPhase section */
		78E413CD21D4A4DE0014A7FD /* Resources */ = {
			isa = PBXResourcesBuildPhase;
			buildActionMask = 2147483647;
			files = (
				78E413DD21D4A4E00014A7FD /* LaunchScreen.storyboard in Resources */,
				78E413DA21D4A4E00014A7FD /* Assets.xcassets in Resources */,
				78E413D821D4A4DE0014A7FD /* Main.storyboard in Resources */,
			);
			runOnlyForDeploymentPostprocessing = 0;
		};
/* End PBXResourcesBuildPhase section */

/* Begin PBXSourcesBuildPhase section */
		78E413CB21D4A4DE0014A7FD /* Sources */ = {
			isa = PBXSourcesBuildPhase;
			buildActionMask = 2147483647;
			files = (
				7887CBD021D4A6C900318C1C /* Ivalidation.swift in Sources */,
				78E413D521D4A4DE0014A7FD /* ViewController.swift in Sources */,
				7887CBD821D4AD5400318C1C /* LoginManager.swift in Sources */,
				78E413D321D4A4DE0014A7FD /* AppDelegate.swift in Sources */,
				7887CBD621D4AA9900318C1C /* LoginRequest.swift in Sources */,
				7887CBCE21D4A66C00318C1C /* ValidationResult.swift in Sources */,
				7887CBD221D4A7F900318C1C /* LoginValidator.swift in Sources */,
			);
			runOnlyForDeploymentPostprocessing = 0;
		};
/* End PBXSourcesBuildPhase section */

/* Begin PBXVariantGroup section */
		78E413D621D4A4DE0014A7FD /* Main.storyboard */ = {
			isa = PBXVariantGroup;
			children = (
				78E413D721D4A4DE0014A7FD /* Base */,
			);
			name = Main.storyboard;
			sourceTree = "<group>";
		};
		78E413DB21D4A4E00014A7FD /* LaunchScreen.storyboard */ = {
			isa = PBXVariantGroup;
			children = (
				78E413DC21D4A4E00014A7FD /* Base */,
			);
			name = LaunchScreen.storyboard;
			sourceTree = "<group>";
		};
/* End PBXVariantGroup section */

/* Begin XCBuildConfiguration section */
		78E413DF21D4A4E00014A7FD /* Debug */ = {
			isa = XCBuildConfiguration;
			buildSettings = {
				ALWAYS_SEARCH_USER_PATHS = NO;
				CLANG_ANALYZER_NONNULL = YES;
				CLANG_ANALYZER_NUMBER_OBJECT_CONVERSION = YES_AGGRESSIVE;
				CLANG_CXX_LANGUAGE_STANDARD = "gnu++14";
				CLANG_CXX_LIBRARY = "libc++";
				CLANG_ENABLE_MODULES = YES;
				CLANG_ENABLE_OBJC_ARC = YES;
				CLANG_ENABLE_OBJC_WEAK = YES;
				CLANG_WARN_BLOCK_CAPTURE_AUTORELEASING = YES;
				CLANG_WARN_BOOL_CONVERSION = YES;
				CLANG_WARN_COMMA = YES;
				CLANG_WARN_CONSTANT_CONVERSION = YES;
				CLANG_WARN_DEPRECATED_OBJC_IMPLEMENTATIONS = YES;
				CLANG_WARN_DIRECT_OBJC_ISA_USAGE = YES_ERROR;
				CLANG_WARN_DOCUMENTATION_COMMENTS = YES;
				CLANG_WARN_EMPTY_BODY = YES;
				CLANG_WARN_ENUM_CONVERSION = YES;
				CLANG_WARN_INFINITE_RECURSION = YES;
				CLANG_WARN_INT_CONVERSION = YES;
				CLANG_WARN_NON_LITERAL_NULL_CONVERSION = YES;
				CLANG_WARN_OBJC_IMPLICIT_RETAIN_SELF = YES;
				CLANG_WARN_OBJC_LITERAL_CONVERSION = YES;
				CLANG_WARN_OBJC_ROOT_CLASS = YES_ERROR;
				CLANG_WARN_RANGE_LOOP_ANALYSIS = YES;
				CLANG_WARN_STRICT_PROTOTYPES = YES;
				CLANG_WARN_SUSPICIOUS_MOVE = YES;
				CLANG_WARN_UNGUARDED_AVAILABILITY = YES_AGGRESSIVE;
				CLANG_WARN_UNREACHABLE_CODE = YES;
				CLANG_WARN__DUPLICATE_METHOD_MATCH = YES;
				CODE_SIGN_IDENTITY = "iPhone Developer";
				COPY_PHASE_STRIP = NO;
				DEBUG_INFORMATION_FORMAT = dwarf;
				ENABLE_STRICT_OBJC_MSGSEND = YES;
				ENABLE_TESTABILITY = YES;
				GCC_C_LANGUAGE_STANDARD = gnu11;
				GCC_DYNAMIC_NO_PIC = NO;
				GCC_NO_COMMON_BLOCKS = YES;
				GCC_OPTIMIZATION_LEVEL = 0;
				GCC_PREPROCESSOR_DEFINITIONS = (
					"DEBUG=1",
					"$(inherited)",
				);
				GCC_WARN_64_TO_32_BIT_CONVERSION = YES;
				GCC_WARN_ABOUT_RETURN_TYPE = YES_ERROR;
				GCC_WARN_UNDECLARED_SELECTOR = YES;
				GCC_WARN_UNINITIALIZED_AUTOS = YES_AGGRESSIVE;
				GCC_WARN_UNUSED_FUNCTION = YES;
				GCC_WARN_UNUSED_VARIABLE = YES;
				IPHONEOS_DEPLOYMENT_TARGET = 12.1;
				MTL_ENABLE_DEBUG_INFO = INCLUDE_SOURCE;
				MTL_FAST_MATH = YES;
				ONLY_ACTIVE_ARCH = YES;
				SDKROOT = iphoneos;
				SWIFT_ACTIVE_COMPILATION_CONDITIONS = DEBUG;
				SWIFT_OPTIMIZATION_LEVEL = "-Onone";
			};
			name = Debug;
		};
		78E413E021D4A4E00014A7FD /* Release */ = {
			isa = XCBuildConfiguration;
			buildSettings = {
				ALWAYS_SEARCH_USER_PATHS = NO;
				CLANG_ANALYZER_NONNULL = YES;
				CLANG_ANALYZER_NUMBER_OBJECT_CONVERSION = YES_AGGRESSIVE;
				CLANG_CXX_LANGUAGE_STANDARD = "gnu++14";
				CLANG_CXX_LIBRARY = "libc++";
				CLANG_ENABLE_MODULES = YES;
				CLANG_ENABLE_OBJC_ARC = YES;
				CLANG_ENABLE_OBJC_WEAK = YES;
				CLANG_WARN_BLOCK_CAPTURE_AUTORELEASING = YES;
				CLANG_WARN_BOOL_CONVERSION = YES;
				CLANG_WARN_COMMA = YES;
				CLANG_WARN_CONSTANT_CONVERSION = YES;
				CLANG_WARN_DEPRECATED_OBJC_IMPLEMENTATIONS = YES;
				CLANG_WARN_DIRECT_OBJC_ISA_USAGE = YES_ERROR;
				CLANG_WARN_DOCUMENTATION_COMMENTS = YES;
				CLANG_WARN_EMPTY_BODY = YES;
				CLANG_WARN_ENUM_CONVERSION = YES;
				CLANG_WARN_INFINITE_RECURSION = YES;
				CLANG_WARN_INT_CONVERSION = YES;
				CLANG_WARN_NON_LITERAL_NULL_CONVERSION = YES;
				CLANG_WARN_OBJC_IMPLICIT_RETAIN_SELF = YES;
				CLANG_WARN_OBJC_LITERAL_CONVERSION = YES;
				CLANG_WARN_OBJC_ROOT_CLASS = YES_ERROR;
				CLANG_WARN_RANGE_LOOP_ANALYSIS = YES;
				CLANG_WARN_STRICT_PROTOTYPES = YES;
				CLANG_WARN_SUSPICIOUS_MOVE = YES;
				CLANG_WARN_UNGUARDED_AVAILABILITY = YES_AGGRESSIVE;
				CLANG_WARN_UNREACHABLE_CODE = YES;
				CLANG_WARN__DUPLICATE_METHOD_MATCH = YES;
				CODE_SIGN_IDENTITY = "iPhone Developer";
				COPY_PHASE_STRIP = NO;
				DEBUG_INFORMATION_FORMAT = "dwarf-with-dsym";
				ENABLE_NS_ASSERTIONS = NO;
				ENABLE_STRICT_OBJC_MSGSEND = YES;
				GCC_C_LANGUAGE_STANDARD = gnu11;
				GCC_NO_COMMON_BLOCKS = YES;
				GCC_WARN_64_TO_32_BIT_CONVERSION = YES;
				GCC_WARN_ABOUT_RETURN_TYPE = YES_ERROR;
				GCC_WARN_UNDECLARED_SELECTOR = YES;
				GCC_WARN_UNINITIALIZED_AUTOS = YES_AGGRESSIVE;
				GCC_WARN_UNUSED_FUNCTION = YES;
				GCC_WARN_UNUSED_VARIABLE = YES;
				IPHONEOS_DEPLOYMENT_TARGET = 12.1;
				MTL_ENABLE_DEBUG_INFO = NO;
				MTL_FAST_MATH = YES;
				SDKROOT = iphoneos;
				SWIFT_COMPILATION_MODE = wholemodule;
				SWIFT_OPTIMIZATION_LEVEL = "-O";
				VALIDATE_PRODUCT = YES;
			};
			name = Release;
		};
		78E413E221D4A4E00014A7FD /* Debug */ = {
			isa = XCBuildConfiguration;
			buildSettings = {
				ASSETCATALOG_COMPILER_APPICON_NAME = AppIcon;
				CODE_SIGN_STYLE = Automatic;
				INFOPLIST_FILE = MessagingApp/Info.plist;
				LD_RUNPATH_SEARCH_PATHS = (
					"$(inherited)",
					"@executable_path/Frameworks",
				);
				PRODUCT_BUNDLE_IDENTIFIER = com.quagnitia.MessagingApp;
				PRODUCT_NAME = "$(TARGET_NAME)";
				SWIFT_VERSION = 4.2;
				TARGETED_DEVICE_FAMILY = "1,2";
			};
			name = Debug;
		};
		78E413E321D4A4E00014A7FD /* Release */ = {
			isa = XCBuildConfiguration;
			buildSettings = {
				ASSETCATALOG_COMPILER_APPICON_NAME = AppIcon;
				CODE_SIGN_STYLE = Automatic;
				INFOPLIST_FILE = MessagingApp/Info.plist;
				LD_RUNPATH_SEARCH_PATHS = (
					"$(inherited)",
					"@executable_path/Frameworks",
				);
				PRODUCT_BUNDLE_IDENTIFIER = com.quagnitia.MessagingApp;
				PRODUCT_NAME = "$(TARGET_NAME)";
				SWIFT_VERSION = 4.2;
				TARGETED_DEVICE_FAMILY = "1,2";
			};
			name = Release;
		};
/* End XCBuildConfiguration section */

/* Begin XCConfigurationList section */
		78E413CA21D4A4DE0014A7FD /* Build configuration list for PBXProject "MessagingApp" */ = {
			isa = XCConfigurationList;
			buildConfigurations = (
				78E413DF21D4A4E00014A7FD /* Debug */,
				78E413E021D4A4E00014A7FD /* Release */,
			);
			defaultConfigurationIsVisible = 0;
			defaultConfigurationName = Release;
		};
		78E413E121D4A4E00014A7FD /* Build configuration list for PBXNativeTarget "MessagingApp" */ = {
			isa = XCConfigurationList;
			buildConfigurations = (
				78E413E221D4A4E00014A7FD /* Debug */,
				78E413E321D4A4E00014A7FD /* Release */,
			);
			defaultConfigurationIsVisible = 0;
			defaultConfigurationName = Release;
		};
/* End XCConfigurationList section */
	};
	rootObject = 78E413C721D4A4DE0014A7FD /* Project object */;
}
